
Microsoft Visual Studio Solution File, Format Version 12.00
# Visual Studio Version 16
VisualStudioVersion = 16.0.30406.217
MinimumVisualStudioVersion = 10.0.40219.1
Project("{FAE04EC0-301F-11D3-BF4B-00C04F79EFBC}") = "WPF MARKET APP", "WPF MARKET APP.csproj", "{87523438-4643-4A2D-9ADE-8EE3759733B3}"
EndProject
Global
	GlobalSection(SolutionConfigurationPlatforms) = preSolution
		Debug|Any CPU = Debug|Any CPU
		Release|Any CPU = Release|Any CPU
	EndGlobalSection
	GlobalSection(ProjectConfigurationPlatforms) = postSolution
		{87523438-4643-4A2D-9ADE-8EE3759733B3}.Debug|Any CPU.ActiveCfg = Debug|Any CPU
		{87523438-4643-4A2D-9ADE-8EE3759733B3}.Debug|Any CPU.Build.0 = Debug|Any CPU
		{87523438-4643-4A2D-9ADE-8EE3759733B3}.Release|Any CPU.ActiveCfg = Release|Any CPU
		{87523438-4643-4A2D-9ADE-8EE3759733B3}.Release|Any CPU.Build.0 = Release|Any CPU
	EndGlobalSection
	GlobalSection(SolutionProperties) = preSolution
		HideSolutionNode = FALSE
	EndGlobalSection
	GlobalSection(ExtensibilityGlobals) = postSolution
		SolutionGuid = {DAB7CBAC-8340-44E3-B842-386EA110342B}
	EndGlobalSection
EndGlobal
